
Microsoft Visual Studio Solution File, Format Version 12.00
# Visual Studio Version 17
VisualStudioVersion = 17.0.31903.59
MinimumVisualStudioVersion = 10.0.40219.1
Project("{2150E333-8FDC-42A3-9474-1A3956D46DE8}") = "src", "src", "{215139CA-69C4-44A3-BCB7-BE89EAB111C2}"
EndProject
Project("{2150E333-8FDC-42A3-9474-1A3956D46DE8}") = "Bootstrapper", "Bootstrapper", "{7E624963-57F9-4C06-9505-CB8EFD6D64DE}"
EndProject
Project("{9A19103F-16F7-4668-BE54-9A1E7A4F7556}") = "SurveyStore.Bootstrapper", "src\Bootstrapper\SurveyStore.Bootstrapper\SurveyStore.Bootstrapper.csproj", "{A96DC198-513C-4501-ACF9-5214E586212D}"
EndProject
Project("{2150E333-8FDC-42A3-9474-1A3956D46DE8}") = "Modules", "Modules", "{FD42E17F-29F4-4A79-8DAE-490EBBE6A081}"
EndProject
Project("{9A19103F-16F7-4668-BE54-9A1E7A4F7556}") = "SurveyStore.Modules.Stores.Core", "src\Modules\Stores\SurveyStore.Modules.Stores.Core\SurveyStore.Modules.Stores.Core.csproj", "{7526009C-9404-4789-B380-267D29F23135}"
EndProject
Project("{2150E333-8FDC-42A3-9474-1A3956D46DE8}") = "Stores", "Stores", "{ABD11AA1-A28E-4DA2-AD13-1ED3B5C8F37C}"
EndProject
Project("{9A19103F-16F7-4668-BE54-9A1E7A4F7556}") = "SurveyStore.Modules.Stores.Api", "src\Modules\Stores\SurveyStore.Modules.Stores.Api\SurveyStore.Modules.Stores.Api.csproj", "{DD10030E-E40B-41B8-A314-1F9E1E374A15}"
EndProject
Project("{2150E333-8FDC-42A3-9474-1A3956D46DE8}") = "Shared", "Shared", "{2B79AAF0-C7A5-4B67-A039-66BE26A3E0E9}"
EndProject
Project("{9A19103F-16F7-4668-BE54-9A1E7A4F7556}") = "SurveyStore.Shared.Abstractions", "src\Shared\SurveyStore.Shared.Abstractions\SurveyStore.Shared.Abstractions.csproj", "{86E3DE53-EBCD-4AE7-A6B1-706932AF2A6A}"
EndProject
Project("{9A19103F-16F7-4668-BE54-9A1E7A4F7556}") = "SurveyStore.Shared.Infrastructure", "src\Shared\SurveyStore.Shared.Infrastructure\SurveyStore.Shared.Infrastructure.csproj", "{EBFF8070-B7BB-4233-9FEC-417B92CCBF16}"
EndProject
Project("{9A19103F-16F7-4668-BE54-9A1E7A4F7556}") = "SurveyStore.Modules.Stores.Tests.Unit", "tests\SurveyStore.Modules.Stores.Tests.Unit\SurveyStore.Modules.Stores.Tests.Unit.csproj", "{5A6F6ED9-0C75-4D01-B57C-C09C8D533D9E}"
EndProject
Project("{2150E333-8FDC-42A3-9474-1A3956D46DE8}") = "tests", "tests", "{771C4F8D-80AE-438C-917C-54E35E50A289}"
EndProject
Project("{9A19103F-16F7-4668-BE54-9A1E7A4F7556}") = "SurveyStore.Shared.Tests", "src\Shared\SurveyStore.Shared.Tests\SurveyStore.Shared.Tests.csproj", "{29DFEB9B-1040-4255-B75E-E49C131F8300}"
EndProject
Project("{9A19103F-16F7-4668-BE54-9A1E7A4F7556}") = "SurveyStore.Modules.Stores.Tests.Integration", "tests\SurveyStore.Modules.Tests.Integration\SurveyStore.Modules.Stores.Tests.Integration.csproj", "{EF02E48D-BF36-4C2A-85F4-7942C109EFC7}"
EndProject
Project("{2150E333-8FDC-42A3-9474-1A3956D46DE8}") = "Users", "Users", "{5BADB444-DE28-4ECC-9B3A-F40033F822BD}"
EndProject
Project("{9A19103F-16F7-4668-BE54-9A1E7A4F7556}") = "SurveyStore.Modules.Users.Core", "src\Modules\Users\SurveyStore.Modules.Users.Core\SurveyStore.Modules.Users.Core.csproj", "{6C2E9635-9D24-4EF4-BF35-F4E37892965F}"
EndProject
Project("{9A19103F-16F7-4668-BE54-9A1E7A4F7556}") = "SurveyStore.Modules.Users.Api", "src\Modules\Users\SurveyStore.Modules.Users.Api\SurveyStore.Modules.Users.Api.csproj", "{0ADDAF6C-0430-4AE4-B5D5-7194B503584D}"
EndProject
Project("{9A19103F-16F7-4668-BE54-9A1E7A4F7556}") = "SurveyStore.Modules.Users.Tests.Integration", "tests\SurveyStore.Modules.Users.Tests.Integration\SurveyStore.Modules.Users.Tests.Integration.csproj", "{482079CB-1A3F-4B72-8B8C-722D0FE3EC98}"
EndProject
Project("{2150E333-8FDC-42A3-9474-1A3956D46DE8}") = "Equipment", "Equipment", "{2648F90B-8DAE-4109-9D1F-F17A904B6522}"
EndProject
Project("{9A19103F-16F7-4668-BE54-9A1E7A4F7556}") = "SurveyStore.Modules.Equipment.Api", "src\Modules\Equipment\SurveyStore.Modules.Equipment.Api\SurveyStore.Modules.Equipment.Api.csproj", "{341855AB-E4DC-42F2-A17A-13AB043C28AF}"
EndProject
Project("{9A19103F-16F7-4668-BE54-9A1E7A4F7556}") = "SurveyStore.Modules.Equipment.Application", "src\Modules\Equipment\SurveyStore.Modules.Equipment.Application\SurveyStore.Modules.Equipment.Application.csproj", "{D4760267-EC17-4CB6-B1BE-EF048E52CDA8}"
EndProject
Project("{9A19103F-16F7-4668-BE54-9A1E7A4F7556}") = "SurveyStore.Modules.Equipment.Infrastructure", "src\Modules\Equipment\SurveyStore.Modules.Equipment.Infrastructure\SurveyStore.Modules.Equipment.Infrastructure.csproj", "{5EC38B92-ADB2-4324-8E6A-748C72BE619A}"
EndProject
Project("{2150E333-8FDC-42A3-9474-1A3956D46DE8}") = "Surveyors", "Surveyors", "{2076CCEA-83C0-4756-AA68-F8EA5CD6846C}"
EndProject
Project("{9A19103F-16F7-4668-BE54-9A1E7A4F7556}") = "SurveyStore.Modules.Surveyors.Core", "src\Modules\Surveyors\SurveyStore.Modules.Surveyors.Core\SurveyStore.Modules.Surveyors.Core.csproj", "{1B9B8235-10E9-4341-AD05-C4E7CA982944}"
EndProject
Project("{9A19103F-16F7-4668-BE54-9A1E7A4F7556}") = "SurveyStore.Modules.Surveyors.Api", "src\Modules\Surveyors\SurveyStore.Modules.Surveyors.Api\SurveyStore.Modules.Surveyors.Api.csproj", "{2ED026EB-B120-4563-877B-634DA3EC3459}"
EndProject
Project("{2150E333-8FDC-42A3-9474-1A3956D46DE8}") = "Collections", "Collections", "{BFF264A5-684E-4E5C-8360-7E8863446A32}"
EndProject
Project("{9A19103F-16F7-4668-BE54-9A1E7A4F7556}") = "SurveyStore.Modules.Collections.Api", "src\Modules\Collections\SurveyStore.Modules.Collections.Api\SurveyStore.Modules.Collections.Api.csproj", "{66266BFE-2D3B-4FE2-BE15-BFB97D412AE5}"
EndProject
Project("{9A19103F-16F7-4668-BE54-9A1E7A4F7556}") = "SurveyStore.Modules.Collections.Application", "src\Modules\Collections\SurveyStore.Modules.Collections.Application\SurveyStore.Modules.Collections.Application.csproj", "{5D0DAFD3-3B28-4A11-94D3-A2E3A38F4FD4}"
EndProject
Project("{9A19103F-16F7-4668-BE54-9A1E7A4F7556}") = "SurveyStore.Modules.Collections.Infrastructure", "src\Modules\Collections\SurveyStore.Modules.Collections.Infrastructure\SurveyStore.Modules.Collections.Infrastructure.csproj", "{82DC26F3-FB84-4BAE-80DA-E5B0F00771F7}"
EndProject
Project("{2150E333-8FDC-42A3-9474-1A3956D46DE8}") = "Saga", "Saga", "{7786075F-8309-42C7-8580-0785BEB42C94}"
EndProject
Project("{9A19103F-16F7-4668-BE54-9A1E7A4F7556}") = "SurveyStore.Modules.Saga", "src\Modules\Saga\SurveyStore.Modules.Saga\SurveyStore.Modules.Saga.csproj", "{8F6FEC28-A7CE-4E83-9120-9FCD0DF99138}"
EndProject
Project("{2150E333-8FDC-42A3-9474-1A3956D46DE8}") = "Calibrations", "Calibrations", "{5DA059A1-3BB0-4B0E-A6D5-33FBC593422B}"
EndProject
Project("{9A19103F-16F7-4668-BE54-9A1E7A4F7556}") = "SurveyStore.Modules.Calibrations.Domain", "src\Modules\Calibrations\SurveyStore.Modules.Calibrations.Domain\SurveyStore.Modules.Calibrations.Domain.csproj", "{936A73BF-1C51-4956-8501-C7EFDB8B6978}"
EndProject
Project("{9A19103F-16F7-4668-BE54-9A1E7A4F7556}") = "SurveyStore.Modules.Calibrations.Application", "src\Modules\Calibrations\SurveyStore.Modules.Calibrations.Application\SurveyStore.Modules.Calibrations.Application.csproj", "{7726888E-C037-4C44-8519-C3B6B2B8B117}"
EndProject
Project("{9A19103F-16F7-4668-BE54-9A1E7A4F7556}") = "SurveyStore.Modules.Calibrations.Infrastructure", "src\Modules\Calibrations\SurveyStore.Modules.Calibrations.Infrastructure\SurveyStore.Modules.Calibrations.Infrastructure.csproj", "{F6084276-0C4E-4170-B1D1-14024237FA3B}"
EndProject
Project("{9A19103F-16F7-4668-BE54-9A1E7A4F7556}") = "SurveyStore.Modules.Calibrations.Api", "src\Modules\Calibrations\SurveyStore.Modules.Calibrations.Api\SurveyStore.Modules.Calibrations.Api.csproj", "{A8099CF2-E9C2-4DA6-B3BC-3F4C50FB3261}"
EndProject
Project("{2150E333-8FDC-42A3-9474-1A3956D46DE8}") = "Services", "Services", "{8B4163A1-A3B5-4F30-BA40-AD067DF285B2}"
EndProject
Project("{2150E333-8FDC-42A3-9474-1A3956D46DE8}") = "Stores", "Stores", "{BEDF87E1-397D-4C6A-BF42-841F66A99600}"
EndProject
Project("{9A19103F-16F7-4668-BE54-9A1E7A4F7556}") = "SurveyStore.Services.Stores.Api", "src\Services\Stores\SurveyStore.Services.Stores.Api\SurveyStore.Services.Stores.Api.csproj", "{09E6FE27-08B8-4F90-816F-E51A1C12186E}"
EndProject
Project("{9A19103F-16F7-4668-BE54-9A1E7A4F7556}") = "SurveyStore.Services.Stores.Core", "src\Services\Stores\SurveyStore.Services.Stores.Core\SurveyStore.Services.Stores.Core.csproj", "{966EB079-11EF-439E-AD27-A77B5F27D58A}"
EndProject
Project("{2150E333-8FDC-42A3-9474-1A3956D46DE8}") = "APIGateway", "APIGateway", "{0AD8EDC0-DE00-405A-8046-7AD9A4E35A96}"
EndProject
Project("{9A19103F-16F7-4668-BE54-9A1E7A4F7556}") = "SurveyStore.APIGateway", "src\APIGateway\SurveyStore.APIGateway\SurveyStore.APIGateway.csproj", "{D6F04AB9-9D3C-4636-851F-59E75D3B7D88}"
EndProject
Project("{9A19103F-16F7-4668-BE54-9A1E7A4F7556}") = "SurveyStore.Modules.Collections.Tests.Unit", "tests\SurveyStore.Modules.Collections.Tests.Unit\SurveyStore.Modules.Collections.Tests.Unit.csproj", "{0539BC81-AFCA-4429-B5EB-8415E29DDC16}"
EndProject
Project("{9A19103F-16F7-4668-BE54-9A1E7A4F7556}") = "SurveyStore.Modules.Collections.Domain", "src\Modules\Collections\SurveyStore.Modules.Collections.Domain\SurveyStore.Modules.Collections.Domain.csproj", "{F423F7F7-B1D5-4869-9798-7B47679538C8}"
EndProject
Project("{9A19103F-16F7-4668-BE54-9A1E7A4F7556}") = "SurveyStore.Modules.Equipment.Domain", "src\Modules\Equipment\SurveyStore.Modules.Equipment.Domain\SurveyStore.Modules.Equipment.Domain.csproj", "{272AD0E3-575D-427B-8624-DA06CCF30C49}"
EndProject
Global
	GlobalSection(SolutionConfigurationPlatforms) = preSolution
		Debug|Any CPU = Debug|Any CPU
		Release|Any CPU = Release|Any CPU
	EndGlobalSection
	GlobalSection(ProjectConfigurationPlatforms) = postSolution
		{A96DC198-513C-4501-ACF9-5214E586212D}.Debug|Any CPU.ActiveCfg = Debug|Any CPU
		{A96DC198-513C-4501-ACF9-5214E586212D}.Debug|Any CPU.Build.0 = Debug|Any CPU
		{A96DC198-513C-4501-ACF9-5214E586212D}.Release|Any CPU.ActiveCfg = Release|Any CPU
		{A96DC198-513C-4501-ACF9-5214E586212D}.Release|Any CPU.Build.0 = Release|Any CPU
		{7526009C-9404-4789-B380-267D29F23135}.Debug|Any CPU.ActiveCfg = Debug|Any CPU
		{7526009C-9404-4789-B380-267D29F23135}.Debug|Any CPU.Build.0 = Debug|Any CPU
		{7526009C-9404-4789-B380-267D29F23135}.Release|Any CPU.ActiveCfg = Release|Any CPU
		{7526009C-9404-4789-B380-267D29F23135}.Release|Any CPU.Build.0 = Release|Any CPU
		{DD10030E-E40B-41B8-A314-1F9E1E374A15}.Debug|Any CPU.ActiveCfg = Debug|Any CPU
		{DD10030E-E40B-41B8-A314-1F9E1E374A15}.Debug|Any CPU.Build.0 = Debug|Any CPU
		{DD10030E-E40B-41B8-A314-1F9E1E374A15}.Release|Any CPU.ActiveCfg = Release|Any CPU
		{DD10030E-E40B-41B8-A314-1F9E1E374A15}.Release|Any CPU.Build.0 = Release|Any CPU
		{86E3DE53-EBCD-4AE7-A6B1-706932AF2A6A}.Debug|Any CPU.ActiveCfg = Debug|Any CPU
		{86E3DE53-EBCD-4AE7-A6B1-706932AF2A6A}.Debug|Any CPU.Build.0 = Debug|Any CPU
		{86E3DE53-EBCD-4AE7-A6B1-706932AF2A6A}.Release|Any CPU.ActiveCfg = Release|Any CPU
		{86E3DE53-EBCD-4AE7-A6B1-706932AF2A6A}.Release|Any CPU.Build.0 = Release|Any CPU
		{EBFF8070-B7BB-4233-9FEC-417B92CCBF16}.Debug|Any CPU.ActiveCfg = Debug|Any CPU
		{EBFF8070-B7BB-4233-9FEC-417B92CCBF16}.Debug|Any CPU.Build.0 = Debug|Any CPU
		{EBFF8070-B7BB-4233-9FEC-417B92CCBF16}.Release|Any CPU.ActiveCfg = Release|Any CPU
		{EBFF8070-B7BB-4233-9FEC-417B92CCBF16}.Release|Any CPU.Build.0 = Release|Any CPU
		{5A6F6ED9-0C75-4D01-B57C-C09C8D533D9E}.Debug|Any CPU.ActiveCfg = Debug|Any CPU
		{5A6F6ED9-0C75-4D01-B57C-C09C8D533D9E}.Debug|Any CPU.Build.0 = Debug|Any CPU
		{5A6F6ED9-0C75-4D01-B57C-C09C8D533D9E}.Release|Any CPU.ActiveCfg = Release|Any CPU
		{5A6F6ED9-0C75-4D01-B57C-C09C8D533D9E}.Release|Any CPU.Build.0 = Release|Any CPU
		{29DFEB9B-1040-4255-B75E-E49C131F8300}.Debug|Any CPU.ActiveCfg = Debug|Any CPU
		{29DFEB9B-1040-4255-B75E-E49C131F8300}.Debug|Any CPU.Build.0 = Debug|Any CPU
		{29DFEB9B-1040-4255-B75E-E49C131F8300}.Release|Any CPU.ActiveCfg = Release|Any CPU
		{29DFEB9B-1040-4255-B75E-E49C131F8300}.Release|Any CPU.Build.0 = Release|Any CPU
		{EF02E48D-BF36-4C2A-85F4-7942C109EFC7}.Debug|Any CPU.ActiveCfg = Debug|Any CPU
		{EF02E48D-BF36-4C2A-85F4-7942C109EFC7}.Debug|Any CPU.Build.0 = Debug|Any CPU
		{EF02E48D-BF36-4C2A-85F4-7942C109EFC7}.Release|Any CPU.ActiveCfg = Release|Any CPU
		{EF02E48D-BF36-4C2A-85F4-7942C109EFC7}.Release|Any CPU.Build.0 = Release|Any CPU
		{6C2E9635-9D24-4EF4-BF35-F4E37892965F}.Debug|Any CPU.ActiveCfg = Debug|Any CPU
		{6C2E9635-9D24-4EF4-BF35-F4E37892965F}.Debug|Any CPU.Build.0 = Debug|Any CPU
		{6C2E9635-9D24-4EF4-BF35-F4E37892965F}.Release|Any CPU.ActiveCfg = Release|Any CPU
		{6C2E9635-9D24-4EF4-BF35-F4E37892965F}.Release|Any CPU.Build.0 = Release|Any CPU
		{0ADDAF6C-0430-4AE4-B5D5-7194B503584D}.Debug|Any CPU.ActiveCfg = Debug|Any CPU
		{0ADDAF6C-0430-4AE4-B5D5-7194B503584D}.Debug|Any CPU.Build.0 = Debug|Any CPU
		{0ADDAF6C-0430-4AE4-B5D5-7194B503584D}.Release|Any CPU.ActiveCfg = Release|Any CPU
		{0ADDAF6C-0430-4AE4-B5D5-7194B503584D}.Release|Any CPU.Build.0 = Release|Any CPU
		{482079CB-1A3F-4B72-8B8C-722D0FE3EC98}.Debug|Any CPU.ActiveCfg = Debug|Any CPU
		{482079CB-1A3F-4B72-8B8C-722D0FE3EC98}.Debug|Any CPU.Build.0 = Debug|Any CPU
		{482079CB-1A3F-4B72-8B8C-722D0FE3EC98}.Release|Any CPU.ActiveCfg = Release|Any CPU
		{482079CB-1A3F-4B72-8B8C-722D0FE3EC98}.Release|Any CPU.Build.0 = Release|Any CPU
		{341855AB-E4DC-42F2-A17A-13AB043C28AF}.Debug|Any CPU.ActiveCfg = Debug|Any CPU
		{341855AB-E4DC-42F2-A17A-13AB043C28AF}.Debug|Any CPU.Build.0 = Debug|Any CPU
		{341855AB-E4DC-42F2-A17A-13AB043C28AF}.Release|Any CPU.ActiveCfg = Release|Any CPU
		{341855AB-E4DC-42F2-A17A-13AB043C28AF}.Release|Any CPU.Build.0 = Release|Any CPU
		{D4760267-EC17-4CB6-B1BE-EF048E52CDA8}.Debug|Any CPU.ActiveCfg = Debug|Any CPU
		{D4760267-EC17-4CB6-B1BE-EF048E52CDA8}.Debug|Any CPU.Build.0 = Debug|Any CPU
		{D4760267-EC17-4CB6-B1BE-EF048E52CDA8}.Release|Any CPU.ActiveCfg = Release|Any CPU
		{D4760267-EC17-4CB6-B1BE-EF048E52CDA8}.Release|Any CPU.Build.0 = Release|Any CPU
		{5EC38B92-ADB2-4324-8E6A-748C72BE619A}.Debug|Any CPU.ActiveCfg = Debug|Any CPU
		{5EC38B92-ADB2-4324-8E6A-748C72BE619A}.Debug|Any CPU.Build.0 = Debug|Any CPU
		{5EC38B92-ADB2-4324-8E6A-748C72BE619A}.Release|Any CPU.ActiveCfg = Release|Any CPU
		{5EC38B92-ADB2-4324-8E6A-748C72BE619A}.Release|Any CPU.Build.0 = Release|Any CPU
		{1B9B8235-10E9-4341-AD05-C4E7CA982944}.Debug|Any CPU.ActiveCfg = Debug|Any CPU
		{1B9B8235-10E9-4341-AD05-C4E7CA982944}.Debug|Any CPU.Build.0 = Debug|Any CPU
		{1B9B8235-10E9-4341-AD05-C4E7CA982944}.Release|Any CPU.ActiveCfg = Release|Any CPU
		{1B9B8235-10E9-4341-AD05-C4E7CA982944}.Release|Any CPU.Build.0 = Release|Any CPU
		{2ED026EB-B120-4563-877B-634DA3EC3459}.Debug|Any CPU.ActiveCfg = Debug|Any CPU
		{2ED026EB-B120-4563-877B-634DA3EC3459}.Debug|Any CPU.Build.0 = Debug|Any CPU
		{2ED026EB-B120-4563-877B-634DA3EC3459}.Release|Any CPU.ActiveCfg = Release|Any CPU
		{2ED026EB-B120-4563-877B-634DA3EC3459}.Release|Any CPU.Build.0 = Release|Any CPU
		{66266BFE-2D3B-4FE2-BE15-BFB97D412AE5}.Debug|Any CPU.ActiveCfg = Debug|Any CPU
		{66266BFE-2D3B-4FE2-BE15-BFB97D412AE5}.Debug|Any CPU.Build.0 = Debug|Any CPU
		{66266BFE-2D3B-4FE2-BE15-BFB97D412AE5}.Release|Any CPU.ActiveCfg = Release|Any CPU
		{66266BFE-2D3B-4FE2-BE15-BFB97D412AE5}.Release|Any CPU.Build.0 = Release|Any CPU
		{5D0DAFD3-3B28-4A11-94D3-A2E3A38F4FD4}.Debug|Any CPU.ActiveCfg = Debug|Any CPU
		{5D0DAFD3-3B28-4A11-94D3-A2E3A38F4FD4}.Debug|Any CPU.Build.0 = Debug|Any CPU
		{5D0DAFD3-3B28-4A11-94D3-A2E3A38F4FD4}.Release|Any CPU.ActiveCfg = Release|Any CPU
		{5D0DAFD3-3B28-4A11-94D3-A2E3A38F4FD4}.Release|Any CPU.Build.0 = Release|Any CPU
		{82DC26F3-FB84-4BAE-80DA-E5B0F00771F7}.Debug|Any CPU.ActiveCfg = Debug|Any CPU
		{82DC26F3-FB84-4BAE-80DA-E5B0F00771F7}.Debug|Any CPU.Build.0 = Debug|Any CPU
		{82DC26F3-FB84-4BAE-80DA-E5B0F00771F7}.Release|Any CPU.ActiveCfg = Release|Any CPU
		{82DC26F3-FB84-4BAE-80DA-E5B0F00771F7}.Release|Any CPU.Build.0 = Release|Any CPU
		{8F6FEC28-A7CE-4E83-9120-9FCD0DF99138}.Debug|Any CPU.ActiveCfg = Debug|Any CPU
		{8F6FEC28-A7CE-4E83-9120-9FCD0DF99138}.Debug|Any CPU.Build.0 = Debug|Any CPU
		{8F6FEC28-A7CE-4E83-9120-9FCD0DF99138}.Release|Any CPU.ActiveCfg = Release|Any CPU
		{8F6FEC28-A7CE-4E83-9120-9FCD0DF99138}.Release|Any CPU.Build.0 = Release|Any CPU
		{936A73BF-1C51-4956-8501-C7EFDB8B6978}.Debug|Any CPU.ActiveCfg = Debug|Any CPU
		{936A73BF-1C51-4956-8501-C7EFDB8B6978}.Debug|Any CPU.Build.0 = Debug|Any CPU
		{936A73BF-1C51-4956-8501-C7EFDB8B6978}.Release|Any CPU.ActiveCfg = Release|Any CPU
		{936A73BF-1C51-4956-8501-C7EFDB8B6978}.Release|Any CPU.Build.0 = Release|Any CPU
		{7726888E-C037-4C44-8519-C3B6B2B8B117}.Debug|Any CPU.ActiveCfg = Debug|Any CPU
		{7726888E-C037-4C44-8519-C3B6B2B8B117}.Debug|Any CPU.Build.0 = Debug|Any CPU
		{7726888E-C037-4C44-8519-C3B6B2B8B117}.Release|Any CPU.ActiveCfg = Release|Any CPU
		{7726888E-C037-4C44-8519-C3B6B2B8B117}.Release|Any CPU.Build.0 = Release|Any CPU
		{F6084276-0C4E-4170-B1D1-14024237FA3B}.Debug|Any CPU.ActiveCfg = Debug|Any CPU
		{F6084276-0C4E-4170-B1D1-14024237FA3B}.Debug|Any CPU.Build.0 = Debug|Any CPU
		{F6084276-0C4E-4170-B1D1-14024237FA3B}.Release|Any CPU.ActiveCfg = Release|Any CPU
		{F6084276-0C4E-4170-B1D1-14024237FA3B}.Release|Any CPU.Build.0 = Release|Any CPU
		{A8099CF2-E9C2-4DA6-B3BC-3F4C50FB3261}.Debug|Any CPU.ActiveCfg = Debug|Any CPU
		{A8099CF2-E9C2-4DA6-B3BC-3F4C50FB3261}.Debug|Any CPU.Build.0 = Debug|Any CPU
		{A8099CF2-E9C2-4DA6-B3BC-3F4C50FB3261}.Release|Any CPU.ActiveCfg = Release|Any CPU
		{A8099CF2-E9C2-4DA6-B3BC-3F4C50FB3261}.Release|Any CPU.Build.0 = Release|Any CPU
		{09E6FE27-08B8-4F90-816F-E51A1C12186E}.Debug|Any CPU.ActiveCfg = Debug|Any CPU
		{09E6FE27-08B8-4F90-816F-E51A1C12186E}.Debug|Any CPU.Build.0 = Debug|Any CPU
		{09E6FE27-08B8-4F90-816F-E51A1C12186E}.Release|Any CPU.ActiveCfg = Release|Any CPU
		{09E6FE27-08B8-4F90-816F-E51A1C12186E}.Release|Any CPU.Build.0 = Release|Any CPU
		{966EB079-11EF-439E-AD27-A77B5F27D58A}.Debug|Any CPU.ActiveCfg = Debug|Any CPU
		{966EB079-11EF-439E-AD27-A77B5F27D58A}.Debug|Any CPU.Build.0 = Debug|Any CPU
		{966EB079-11EF-439E-AD27-A77B5F27D58A}.Release|Any CPU.ActiveCfg = Release|Any CPU
		{966EB079-11EF-439E-AD27-A77B5F27D58A}.Release|Any CPU.Build.0 = Release|Any CPU
		{D6F04AB9-9D3C-4636-851F-59E75D3B7D88}.Debug|Any CPU.ActiveCfg = Debug|Any CPU
		{D6F04AB9-9D3C-4636-851F-59E75D3B7D88}.Debug|Any CPU.Build.0 = Debug|Any CPU
		{D6F04AB9-9D3C-4636-851F-59E75D3B7D88}.Release|Any CPU.ActiveCfg = Release|Any CPU
		{D6F04AB9-9D3C-4636-851F-59E75D3B7D88}.Release|Any CPU.Build.0 = Release|Any CPU
		{0539BC81-AFCA-4429-B5EB-8415E29DDC16}.Debug|Any CPU.ActiveCfg = Debug|Any CPU
		{0539BC81-AFCA-4429-B5EB-8415E29DDC16}.Debug|Any CPU.Build.0 = Debug|Any CPU
		{0539BC81-AFCA-4429-B5EB-8415E29DDC16}.Release|Any CPU.ActiveCfg = Release|Any CPU
		{0539BC81-AFCA-4429-B5EB-8415E29DDC16}.Release|Any CPU.Build.0 = Release|Any CPU
		{F423F7F7-B1D5-4869-9798-7B47679538C8}.Debug|Any CPU.ActiveCfg = Debug|Any CPU
		{F423F7F7-B1D5-4869-9798-7B47679538C8}.Debug|Any CPU.Build.0 = Debug|Any CPU
		{F423F7F7-B1D5-4869-9798-7B47679538C8}.Release|Any CPU.ActiveCfg = Release|Any CPU
		{F423F7F7-B1D5-4869-9798-7B47679538C8}.Release|Any CPU.Build.0 = Release|Any CPU
		{272AD0E3-575D-427B-8624-DA06CCF30C49}.Debug|Any CPU.ActiveCfg = Debug|Any CPU
		{272AD0E3-575D-427B-8624-DA06CCF30C49}.Debug|Any CPU.Build.0 = Debug|Any CPU
		{272AD0E3-575D-427B-8624-DA06CCF30C49}.Release|Any CPU.ActiveCfg = Release|Any CPU
		{272AD0E3-575D-427B-8624-DA06CCF30C49}.Release|Any CPU.Build.0 = Release|Any CPU
	EndGlobalSection
	GlobalSection(SolutionProperties) = preSolution
		HideSolutionNode = FALSE
	EndGlobalSection
	GlobalSection(NestedProjects) = preSolution
		{7E624963-57F9-4C06-9505-CB8EFD6D64DE} = {215139CA-69C4-44A3-BCB7-BE89EAB111C2}
		{A96DC198-513C-4501-ACF9-5214E586212D} = {7E624963-57F9-4C06-9505-CB8EFD6D64DE}
		{FD42E17F-29F4-4A79-8DAE-490EBBE6A081} = {215139CA-69C4-44A3-BCB7-BE89EAB111C2}
		{7526009C-9404-4789-B380-267D29F23135} = {ABD11AA1-A28E-4DA2-AD13-1ED3B5C8F37C}
		{ABD11AA1-A28E-4DA2-AD13-1ED3B5C8F37C} = {FD42E17F-29F4-4A79-8DAE-490EBBE6A081}
		{DD10030E-E40B-41B8-A314-1F9E1E374A15} = {ABD11AA1-A28E-4DA2-AD13-1ED3B5C8F37C}
		{2B79AAF0-C7A5-4B67-A039-66BE26A3E0E9} = {215139CA-69C4-44A3-BCB7-BE89EAB111C2}
		{86E3DE53-EBCD-4AE7-A6B1-706932AF2A6A} = {2B79AAF0-C7A5-4B67-A039-66BE26A3E0E9}
		{EBFF8070-B7BB-4233-9FEC-417B92CCBF16} = {2B79AAF0-C7A5-4B67-A039-66BE26A3E0E9}
		{5A6F6ED9-0C75-4D01-B57C-C09C8D533D9E} = {771C4F8D-80AE-438C-917C-54E35E50A289}
		{29DFEB9B-1040-4255-B75E-E49C131F8300} = {2B79AAF0-C7A5-4B67-A039-66BE26A3E0E9}
		{EF02E48D-BF36-4C2A-85F4-7942C109EFC7} = {771C4F8D-80AE-438C-917C-54E35E50A289}
		{5BADB444-DE28-4ECC-9B3A-F40033F822BD} = {FD42E17F-29F4-4A79-8DAE-490EBBE6A081}
		{6C2E9635-9D24-4EF4-BF35-F4E37892965F} = {5BADB444-DE28-4ECC-9B3A-F40033F822BD}
		{0ADDAF6C-0430-4AE4-B5D5-7194B503584D} = {5BADB444-DE28-4ECC-9B3A-F40033F822BD}
		{482079CB-1A3F-4B72-8B8C-722D0FE3EC98} = {771C4F8D-80AE-438C-917C-54E35E50A289}
		{2648F90B-8DAE-4109-9D1F-F17A904B6522} = {FD42E17F-29F4-4A79-8DAE-490EBBE6A081}
		{341855AB-E4DC-42F2-A17A-13AB043C28AF} = {2648F90B-8DAE-4109-9D1F-F17A904B6522}
		{D4760267-EC17-4CB6-B1BE-EF048E52CDA8} = {2648F90B-8DAE-4109-9D1F-F17A904B6522}
		{5EC38B92-ADB2-4324-8E6A-748C72BE619A} = {2648F90B-8DAE-4109-9D1F-F17A904B6522}
		{2076CCEA-83C0-4756-AA68-F8EA5CD6846C} = {FD42E17F-29F4-4A79-8DAE-490EBBE6A081}
		{1B9B8235-10E9-4341-AD05-C4E7CA982944} = {2076CCEA-83C0-4756-AA68-F8EA5CD6846C}
		{2ED026EB-B120-4563-877B-634DA3EC3459} = {2076CCEA-83C0-4756-AA68-F8EA5CD6846C}
		{BFF264A5-684E-4E5C-8360-7E8863446A32} = {FD42E17F-29F4-4A79-8DAE-490EBBE6A081}
		{66266BFE-2D3B-4FE2-BE15-BFB97D412AE5} = {BFF264A5-684E-4E5C-8360-7E8863446A32}
		{5D0DAFD3-3B28-4A11-94D3-A2E3A38F4FD4} = {BFF264A5-684E-4E5C-8360-7E8863446A32}
		{82DC26F3-FB84-4BAE-80DA-E5B0F00771F7} = {BFF264A5-684E-4E5C-8360-7E8863446A32}
		{7786075F-8309-42C7-8580-0785BEB42C94} = {FD42E17F-29F4-4A79-8DAE-490EBBE6A081}
		{8F6FEC28-A7CE-4E83-9120-9FCD0DF99138} = {7786075F-8309-42C7-8580-0785BEB42C94}
		{5DA059A1-3BB0-4B0E-A6D5-33FBC593422B} = {FD42E17F-29F4-4A79-8DAE-490EBBE6A081}
		{936A73BF-1C51-4956-8501-C7EFDB8B6978} = {5DA059A1-3BB0-4B0E-A6D5-33FBC593422B}
		{7726888E-C037-4C44-8519-C3B6B2B8B117} = {5DA059A1-3BB0-4B0E-A6D5-33FBC593422B}
		{F6084276-0C4E-4170-B1D1-14024237FA3B} = {5DA059A1-3BB0-4B0E-A6D5-33FBC593422B}
		{A8099CF2-E9C2-4DA6-B3BC-3F4C50FB3261} = {5DA059A1-3BB0-4B0E-A6D5-33FBC593422B}
		{8B4163A1-A3B5-4F30-BA40-AD067DF285B2} = {215139CA-69C4-44A3-BCB7-BE89EAB111C2}
		{BEDF87E1-397D-4C6A-BF42-841F66A99600} = {8B4163A1-A3B5-4F30-BA40-AD067DF285B2}
		{09E6FE27-08B8-4F90-816F-E51A1C12186E} = {BEDF87E1-397D-4C6A-BF42-841F66A99600}
		{966EB079-11EF-439E-AD27-A77B5F27D58A} = {BEDF87E1-397D-4C6A-BF42-841F66A99600}
		{0AD8EDC0-DE00-405A-8046-7AD9A4E35A96} = {215139CA-69C4-44A3-BCB7-BE89EAB111C2}
		{D6F04AB9-9D3C-4636-851F-59E75D3B7D88} = {0AD8EDC0-DE00-405A-8046-7AD9A4E35A96}
		{0539BC81-AFCA-4429-B5EB-8415E29DDC16} = {771C4F8D-80AE-438C-917C-54E35E50A289}
		{F423F7F7-B1D5-4869-9798-7B47679538C8} = {BFF264A5-684E-4E5C-8360-7E8863446A32}
		{272AD0E3-575D-427B-8624-DA06CCF30C49} = {2648F90B-8DAE-4109-9D1F-F17A904B6522}
	EndGlobalSection
	GlobalSection(ExtensibilityGlobals) = postSolution
		SolutionGuid = {C381337B-40C7-45CC-8FB7-1F8E39A37BE8}
	EndGlobalSection
EndGlobal
